
Microsoft Visual Studio Solution File, Format Version 12.00
# Visual Studio Version 17
VisualStudioVersion = 17.0.31903.59
MinimumVisualStudioVersion = 10.0.40219.1
Project("{2150E333-8FDC-42A3-9474-1A3956D46DE8}") = "src", "src", "{36EEE27E-7974-4B3D-9583-C7B453C7DB58}"
EndProject
Project("{FAE04EC0-301F-11D3-BF4B-00C04F79EFBC}") = "NordKredit.Domain", "src\NordKredit.Domain\NordKredit.Domain.csproj", "{EA644D24-2EE9-40AA-987F-C524DFEC1DF7}"
EndProject
Project("{FAE04EC0-301F-11D3-BF4B-00C04F79EFBC}") = "NordKredit.Infrastructure", "src\NordKredit.Infrastructure\NordKredit.Infrastructure.csproj", "{55822975-AEF0-4493-ABB5-068C759CE715}"
EndProject
Project("{FAE04EC0-301F-11D3-BF4B-00C04F79EFBC}") = "NordKredit.Api", "src\NordKredit.Api\NordKredit.Api.csproj", "{50406D9B-7475-4A80-A802-BC0961D9AB03}"
EndProject
Project("{FAE04EC0-301F-11D3-BF4B-00C04F79EFBC}") = "NordKredit.Functions", "src\NordKredit.Functions\NordKredit.Functions.csproj", "{EF0FA4C2-4F56-4722-99A0-6214FC0277B3}"
EndProject
Project("{2150E333-8FDC-42A3-9474-1A3956D46DE8}") = "tests", "tests", "{A4C5A011-F864-421B-9D1E-60DE73C605D7}"
EndProject
Project("{FAE04EC0-301F-11D3-BF4B-00C04F79EFBC}") = "NordKredit.UnitTests", "tests\NordKredit.UnitTests\NordKredit.UnitTests.csproj", "{D32092D5-DF60-4ED4-BE39-366284B98ED2}"
EndProject
Project("{FAE04EC0-301F-11D3-BF4B-00C04F79EFBC}") = "NordKredit.BDD", "tests\NordKredit.BDD\NordKredit.BDD.csproj", "{5BC8A3C8-981F-4E79-A6A6-7EEB10C8E077}"
EndProject
Project("{FAE04EC0-301F-11D3-BF4B-00C04F79EFBC}") = "NordKredit.ComparisonTests", "tests\NordKredit.ComparisonTests\NordKredit.ComparisonTests.csproj", "{F4F1B169-70D1-48F2-B70A-C44B94DE3E0F}"
EndProject
Global
	GlobalSection(SolutionConfigurationPlatforms) = preSolution
		Debug|Any CPU = Debug|Any CPU
		Release|Any CPU = Release|Any CPU
	EndGlobalSection
	GlobalSection(SolutionProperties) = preSolution
		HideSolutionNode = FALSE
	EndGlobalSection
	GlobalSection(ProjectConfigurationPlatforms) = postSolution
		{EA644D24-2EE9-40AA-987F-C524DFEC1DF7}.Debug|Any CPU.ActiveCfg = Debug|Any CPU
		{EA644D24-2EE9-40AA-987F-C524DFEC1DF7}.Debug|Any CPU.Build.0 = Debug|Any CPU
		{EA644D24-2EE9-40AA-987F-C524DFEC1DF7}.Release|Any CPU.ActiveCfg = Release|Any CPU
		{EA644D24-2EE9-40AA-987F-C524DFEC1DF7}.Release|Any CPU.Build.0 = Release|Any CPU
		{55822975-AEF0-4493-ABB5-068C759CE715}.Debug|Any CPU.ActiveCfg = Debug|Any CPU
		{55822975-AEF0-4493-ABB5-068C759CE715}.Debug|Any CPU.Build.0 = Debug|Any CPU
		{55822975-AEF0-4493-ABB5-068C759CE715}.Release|Any CPU.ActiveCfg = Release|Any CPU
		{55822975-AEF0-4493-ABB5-068C759CE715}.Release|Any CPU.Build.0 = Release|Any CPU
		{50406D9B-7475-4A80-A802-BC0961D9AB03}.Debug|Any CPU.ActiveCfg = Debug|Any CPU
		{50406D9B-7475-4A80-A802-BC0961D9AB03}.Debug|Any CPU.Build.0 = Debug|Any CPU
		{50406D9B-7475-4A80-A802-BC0961D9AB03}.Release|Any CPU.ActiveCfg = Release|Any CPU
		{50406D9B-7475-4A80-A802-BC0961D9AB03}.Release|Any CPU.Build.0 = Release|Any CPU
		{EF0FA4C2-4F56-4722-99A0-6214FC0277B3}.Debug|Any CPU.ActiveCfg = Debug|Any CPU
		{EF0FA4C2-4F56-4722-99A0-6214FC0277B3}.Debug|Any CPU.Build.0 = Debug|Any CPU
		{EF0FA4C2-4F56-4722-99A0-6214FC0277B3}.Release|Any CPU.ActiveCfg = Release|Any CPU
		{EF0FA4C2-4F56-4722-99A0-6214FC0277B3}.Release|Any CPU.Build.0 = Release|Any CPU
		{D32092D5-DF60-4ED4-BE39-366284B98ED2}.Debug|Any CPU.ActiveCfg = Debug|Any CPU
		{D32092D5-DF60-4ED4-BE39-366284B98ED2}.Debug|Any CPU.Build.0 = Debug|Any CPU
		{D32092D5-DF60-4ED4-BE39-366284B98ED2}.Release|Any CPU.ActiveCfg = Release|Any CPU
		{D32092D5-DF60-4ED4-BE39-366284B98ED2}.Release|Any CPU.Build.0 = Release|Any CPU
		{5BC8A3C8-981F-4E79-A6A6-7EEB10C8E077}.Debug|Any CPU.ActiveCfg = Debug|Any CPU
		{5BC8A3C8-981F-4E79-A6A6-7EEB10C8E077}.Debug|Any CPU.Build.0 = Debug|Any CPU
		{5BC8A3C8-981F-4E79-A6A6-7EEB10C8E077}.Release|Any CPU.ActiveCfg = Release|Any CPU
		{5BC8A3C8-981F-4E79-A6A6-7EEB10C8E077}.Release|Any CPU.Build.0 = Release|Any CPU
		{F4F1B169-70D1-48F2-B70A-C44B94DE3E0F}.Debug|Any CPU.ActiveCfg = Debug|Any CPU
		{F4F1B169-70D1-48F2-B70A-C44B94DE3E0F}.Debug|Any CPU.Build.0 = Debug|Any CPU
		{F4F1B169-70D1-48F2-B70A-C44B94DE3E0F}.Release|Any CPU.ActiveCfg = Release|Any CPU
		{F4F1B169-70D1-48F2-B70A-C44B94DE3E0F}.Release|Any CPU.Build.0 = Release|Any CPU
	EndGlobalSection
	GlobalSection(NestedProjects) = preSolution
		{EA644D24-2EE9-40AA-987F-C524DFEC1DF7} = {36EEE27E-7974-4B3D-9583-C7B453C7DB58}
		{55822975-AEF0-4493-ABB5-068C759CE715} = {36EEE27E-7974-4B3D-9583-C7B453C7DB58}
		{50406D9B-7475-4A80-A802-BC0961D9AB03} = {36EEE27E-7974-4B3D-9583-C7B453C7DB58}
		{EF0FA4C2-4F56-4722-99A0-6214FC0277B3} = {36EEE27E-7974-4B3D-9583-C7B453C7DB58}
		{D32092D5-DF60-4ED4-BE39-366284B98ED2} = {A4C5A011-F864-421B-9D1E-60DE73C605D7}
		{5BC8A3C8-981F-4E79-A6A6-7EEB10C8E077} = {A4C5A011-F864-421B-9D1E-60DE73C605D7}
		{F4F1B169-70D1-48F2-B70A-C44B94DE3E0F} = {A4C5A011-F864-421B-9D1E-60DE73C605D7}
	EndGlobalSection
EndGlobal
